
Microsoft Visual Studio Solution File, Format Version 12.00
# Visual Studio Version 16
VisualStudioVersion = 16.0.32002.261
MinimumVisualStudioVersion = 10.0.40219.1
Project("{2150E333-8FDC-42A3-9474-1A3956D46DE8}") = "Services", "Services", "{7B443E80-47A7-4E3F-A0FE-594CCF17EE56}"
EndProject
Project("{2150E333-8FDC-42A3-9474-1A3956D46DE8}") = "Catalog", "Catalog", "{3E0C3B1C-A17C-474A-B943-D6A3B96FB01C}"
EndProject
Project("{9A19103F-16F7-4668-BE54-9A1E7A4F7556}") = "Catalog.API", "Services\Catalog\Catalog.API\Catalog.API.csproj", "{9BD54723-ACD0-4870-9C59-8C6E85BA2A1B}"
EndProject
Project("{E53339B2-1760-4266-BCC7-CA923CBCF16C}") = "docker-compose", "docker-compose.dcproj", "{337382B6-422D-43BB-A4C6-91CD0839B5C9}"
EndProject
Project("{2150E333-8FDC-42A3-9474-1A3956D46DE8}") = "Basket", "Basket", "{2CB1B93A-4EF0-4BDB-9E1F-69E74259E209}"
EndProject
Project("{9A19103F-16F7-4668-BE54-9A1E7A4F7556}") = "Basket.API", "Services\Basket\Basket.API\Basket.API.csproj", "{8FE7CA69-E6F6-41EF-AD62-6667E1472A99}"
EndProject
Project("{2150E333-8FDC-42A3-9474-1A3956D46DE8}") = "Discount", "Discount", "{59C8F8D6-B4A3-4C8A-B678-8C3C3BFFC378}"
EndProject
Project("{9A19103F-16F7-4668-BE54-9A1E7A4F7556}") = "Discount.API", "Services\Discount\Discount.API\Discount.API.csproj", "{21822415-7DF3-4E51-9D69-9A599A8E3BE3}"
EndProject
Project("{9A19103F-16F7-4668-BE54-9A1E7A4F7556}") = "Discount.Grpc", "Services\Discount\Discount.Grpc\Discount.Grpc.csproj", "{78624606-8B95-4902-8FE4-FB96F7DF7A97}"
EndProject
Project("{2150E333-8FDC-42A3-9474-1A3956D46DE8}") = "Ordering", "Ordering", "{01CC827A-D69F-4445-BA95-F2318334EA9D}"
EndProject
Project("{9A19103F-16F7-4668-BE54-9A1E7A4F7556}") = "Ordering.API", "Services\Ordering\Ordering.API\Ordering.API.csproj", "{B83B75A0-3F3D-4C40-8FB9-5E722745F61F}"
EndProject
Project("{9A19103F-16F7-4668-BE54-9A1E7A4F7556}") = "Ordering.Domain", "Services\Ordering\Ordering.Domain\Ordering.Domain.csproj", "{355541A9-94EB-48EF-A045-806C079D8334}"
EndProject
Project("{9A19103F-16F7-4668-BE54-9A1E7A4F7556}") = "Ordering.Application", "Services\Ordering\Ordering.Application\Ordering.Application.csproj", "{7A62B205-8D43-4F0C-BCB6-319C51753756}"
EndProject
Project("{9A19103F-16F7-4668-BE54-9A1E7A4F7556}") = "Ordering.Infrastructure", "Services\Ordering\Ordering.Infrastructure\Ordering.Infrastructure.csproj", "{72991445-FBB7-432E-B3FA-9E04AFE13511}"
EndProject
Project("{2150E333-8FDC-42A3-9474-1A3956D46DE8}") = "BuildingBlocks", "BuildingBlocks", "{C15F1DBE-FD62-447E-B59C-896B201B7E1C}"
EndProject
Project("{FAE04EC0-301F-11D3-BF4B-00C04F79EFBC}") = "EventBus.Messages", "BuildingBlocks\EventBus.Messages\EventBus.Messages.csproj", "{58F12D30-0CA3-4B7F-8A12-1E11B289D886}"
EndProject
Global
	GlobalSection(SolutionConfigurationPlatforms) = preSolution
		Debug|Any CPU = Debug|Any CPU
		Release|Any CPU = Release|Any CPU
	EndGlobalSection
	GlobalSection(ProjectConfigurationPlatforms) = postSolution
		{9BD54723-ACD0-4870-9C59-8C6E85BA2A1B}.Debug|Any CPU.ActiveCfg = Debug|Any CPU
		{9BD54723-ACD0-4870-9C59-8C6E85BA2A1B}.Debug|Any CPU.Build.0 = Debug|Any CPU
		{9BD54723-ACD0-4870-9C59-8C6E85BA2A1B}.Release|Any CPU.ActiveCfg = Release|Any CPU
		{9BD54723-ACD0-4870-9C59-8C6E85BA2A1B}.Release|Any CPU.Build.0 = Release|Any CPU
		{337382B6-422D-43BB-A4C6-91CD0839B5C9}.Debug|Any CPU.ActiveCfg = Debug|Any CPU
		{337382B6-422D-43BB-A4C6-91CD0839B5C9}.Debug|Any CPU.Build.0 = Debug|Any CPU
		{337382B6-422D-43BB-A4C6-91CD0839B5C9}.Release|Any CPU.ActiveCfg = Release|Any CPU
		{337382B6-422D-43BB-A4C6-91CD0839B5C9}.Release|Any CPU.Build.0 = Release|Any CPU
		{8FE7CA69-E6F6-41EF-AD62-6667E1472A99}.Debug|Any CPU.ActiveCfg = Debug|Any CPU
		{8FE7CA69-E6F6-41EF-AD62-6667E1472A99}.Debug|Any CPU.Build.0 = Debug|Any CPU
		{8FE7CA69-E6F6-41EF-AD62-6667E1472A99}.Release|Any CPU.ActiveCfg = Release|Any CPU
		{8FE7CA69-E6F6-41EF-AD62-6667E1472A99}.Release|Any CPU.Build.0 = Release|Any CPU
		{21822415-7DF3-4E51-9D69-9A599A8E3BE3}.Debug|Any CPU.ActiveCfg = Debug|Any CPU
		{21822415-7DF3-4E51-9D69-9A599A8E3BE3}.Debug|Any CPU.Build.0 = Debug|Any CPU
		{21822415-7DF3-4E51-9D69-9A599A8E3BE3}.Release|Any CPU.ActiveCfg = Release|Any CPU
		{21822415-7DF3-4E51-9D69-9A599A8E3BE3}.Release|Any CPU.Build.0 = Release|Any CPU
		{78624606-8B95-4902-8FE4-FB96F7DF7A97}.Debug|Any CPU.ActiveCfg = Debug|Any CPU
		{78624606-8B95-4902-8FE4-FB96F7DF7A97}.Debug|Any CPU.Build.0 = Debug|Any CPU
		{78624606-8B95-4902-8FE4-FB96F7DF7A97}.Release|Any CPU.ActiveCfg = Release|Any CPU
		{78624606-8B95-4902-8FE4-FB96F7DF7A97}.Release|Any CPU.Build.0 = Release|Any CPU
		{B83B75A0-3F3D-4C40-8FB9-5E722745F61F}.Debug|Any CPU.ActiveCfg = Debug|Any CPU
		{B83B75A0-3F3D-4C40-8FB9-5E722745F61F}.Debug|Any CPU.Build.0 = Debug|Any CPU
		{B83B75A0-3F3D-4C40-8FB9-5E722745F61F}.Release|Any CPU.ActiveCfg = Release|Any CPU
		{B83B75A0-3F3D-4C40-8FB9-5E722745F61F}.Release|Any CPU.Build.0 = Release|Any CPU
		{355541A9-94EB-48EF-A045-806C079D8334}.Debug|Any CPU.ActiveCfg = Debug|Any CPU
		{355541A9-94EB-48EF-A045-806C079D8334}.Debug|Any CPU.Build.0 = Debug|Any CPU
		{355541A9-94EB-48EF-A045-806C079D8334}.Release|Any CPU.ActiveCfg = Release|Any CPU
		{355541A9-94EB-48EF-A045-806C079D8334}.Release|Any CPU.Build.0 = Release|Any CPU
		{7A62B205-8D43-4F0C-BCB6-319C51753756}.Debug|Any CPU.ActiveCfg = Debug|Any CPU
		{7A62B205-8D43-4F0C-BCB6-319C51753756}.Debug|Any CPU.Build.0 = Debug|Any CPU
		{7A62B205-8D43-4F0C-BCB6-319C51753756}.Release|Any CPU.ActiveCfg = Release|Any CPU
		{7A62B205-8D43-4F0C-BCB6-319C51753756}.Release|Any CPU.Build.0 = Release|Any CPU
		{72991445-FBB7-432E-B3FA-9E04AFE13511}.Debug|Any CPU.ActiveCfg = Debug|Any CPU
		{72991445-FBB7-432E-B3FA-9E04AFE13511}.Debug|Any CPU.Build.0 = Debug|Any CPU
		{72991445-FBB7-432E-B3FA-9E04AFE13511}.Release|Any CPU.ActiveCfg = Release|Any CPU
		{72991445-FBB7-432E-B3FA-9E04AFE13511}.Release|Any CPU.Build.0 = Release|Any CPU
		{58F12D30-0CA3-4B7F-8A12-1E11B289D886}.Debug|Any CPU.ActiveCfg = Debug|Any CPU
		{58F12D30-0CA3-4B7F-8A12-1E11B289D886}.Debug|Any CPU.Build.0 = Debug|Any CPU
		{58F12D30-0CA3-4B7F-8A12-1E11B289D886}.Release|Any CPU.ActiveCfg = Release|Any CPU
		{58F12D30-0CA3-4B7F-8A12-1E11B289D886}.Release|Any CPU.Build.0 = Release|Any CPU
	EndGlobalSection
	GlobalSection(SolutionProperties) = preSolution
		HideSolutionNode = FALSE
	EndGlobalSection
	GlobalSection(NestedProjects) = preSolution
		{3E0C3B1C-A17C-474A-B943-D6A3B96FB01C} = {7B443E80-47A7-4E3F-A0FE-594CCF17EE56}
		{9BD54723-ACD0-4870-9C59-8C6E85BA2A1B} = {3E0C3B1C-A17C-474A-B943-D6A3B96FB01C}
		{2CB1B93A-4EF0-4BDB-9E1F-69E74259E209} = {7B443E80-47A7-4E3F-A0FE-594CCF17EE56}
		{8FE7CA69-E6F6-41EF-AD62-6667E1472A99} = {2CB1B93A-4EF0-4BDB-9E1F-69E74259E209}
		{59C8F8D6-B4A3-4C8A-B678-8C3C3BFFC378} = {7B443E80-47A7-4E3F-A0FE-594CCF17EE56}
		{21822415-7DF3-4E51-9D69-9A599A8E3BE3} = {59C8F8D6-B4A3-4C8A-B678-8C3C3BFFC378}
		{78624606-8B95-4902-8FE4-FB96F7DF7A97} = {59C8F8D6-B4A3-4C8A-B678-8C3C3BFFC378}
		{01CC827A-D69F-4445-BA95-F2318334EA9D} = {7B443E80-47A7-4E3F-A0FE-594CCF17EE56}
		{B83B75A0-3F3D-4C40-8FB9-5E722745F61F} = {01CC827A-D69F-4445-BA95-F2318334EA9D}
		{355541A9-94EB-48EF-A045-806C079D8334} = {01CC827A-D69F-4445-BA95-F2318334EA9D}
		{7A62B205-8D43-4F0C-BCB6-319C51753756} = {01CC827A-D69F-4445-BA95-F2318334EA9D}
		{72991445-FBB7-432E-B3FA-9E04AFE13511} = {01CC827A-D69F-4445-BA95-F2318334EA9D}
		{58F12D30-0CA3-4B7F-8A12-1E11B289D886} = {C15F1DBE-FD62-447E-B59C-896B201B7E1C}
	EndGlobalSection
	GlobalSection(ExtensibilityGlobals) = postSolution
		SolutionGuid = {AC489707-6CB2-4541-85A0-F8F70FB54643}
	EndGlobalSection
EndGlobal
